// !$*UTF8*$!
{
	archiveVersion = 1;
	classes = {
	};
	objectVersion = 46;
	objects = {

/* Begin PBXBuildFile section */
		279B103D1E6E40D70099695F /* Enemy.cpp in Sources */ = {isa = PBXBuildFile; fileRef = 279B103B1E6E40D70099695F /* Enemy.cpp */; };
		279B103F1E6E5FFD0099695F /* EnemyShipSpriteSheet.png in Resources */ = {isa = PBXBuildFile; fileRef = 279B103E1E6E5FFD0099695F /* EnemyShipSpriteSheet.png */; };
		279B10411E6F756B0099695F /* explosion.png in Resources */ = {isa = PBXBuildFile; fileRef = 279B10401E6F756B0099695F /* explosion.png */; };
		279B10441E6F75870099695F /* Explosion.cpp in Sources */ = {isa = PBXBuildFile; fileRef = 279B10421E6F75860099695F /* Explosion.cpp */; };
		279B10471E6F9B1E0099695F /* Level.cpp in Sources */ = {isa = PBXBuildFile; fileRef = 279B10451E6F9B1E0099695F /* Level.cpp */; };
		27A5ACE01E6C87C800096C8D /* ResourcePath.mm in Sources */ = {isa = PBXBuildFile; fileRef = 27A5ACDF1E6C87C800096C8D /* ResourcePath.mm */; };
		27A5ACE31E6C87C800096C8D /* main.cpp in Sources */ = {isa = PBXBuildFile; fileRef = 27A5ACE21E6C87C800096C8D /* main.cpp */; };
		27A5ACE61E6C87C800096C8D /* cute_image.jpg in Resources */ = {isa = PBXBuildFile; fileRef = 27A5ACE51E6C87C800096C8D /* cute_image.jpg */; };
		27A5ACE81E6C87C800096C8D /* nice_music.ogg in Resources */ = {isa = PBXBuildFile; fileRef = 27A5ACE71E6C87C800096C8D /* nice_music.ogg */; };
		27A5ACEA1E6C87C800096C8D /* sansation.ttf in Resources */ = {isa = PBXBuildFile; fileRef = 27A5ACE91E6C87C800096C8D /* sansation.ttf */; };
		27A5ACEC1E6C87C800096C8D /* icon.png in Resources */ = {isa = PBXBuildFile; fileRef = 27A5ACEB1E6C87C800096C8D /* icon.png */; };
		27A5ACF41E6C88B900096C8D /* Wall.cpp in Sources */ = {isa = PBXBuildFile; fileRef = 27A5ACF21E6C88B900096C8D /* Wall.cpp */; };
		27A5ACF61E6C8BC000096C8D /* wall.jpg in Resources */ = {isa = PBXBuildFile; fileRef = 27A5ACF51E6C8BC000096C8D /* wall.jpg */; };
		27A5ACF81E6C917D00096C8D /* wallTexture.png in Resources */ = {isa = PBXBuildFile; fileRef = 27A5ACF71E6C917D00096C8D /* wallTexture.png */; };
		27A5ACFA1E6D1BB600096C8D /* starsBackground.jpg in Resources */ = {isa = PBXBuildFile; fileRef = 27A5ACF91E6D1BB600096C8D /* starsBackground.jpg */; };
		27A5ACFD1E6D1C0200096C8D /* Background.cpp in Sources */ = {isa = PBXBuildFile; fileRef = 27A5ACFB1E6D1C0200096C8D /* Background.cpp */; };
		27A5ACFF1E6DF99900096C8D /* PlayerSpaceShipSpriteSheet.png in Resources */ = {isa = PBXBuildFile; fileRef = 27A5ACFE1E6DF99900096C8D /* PlayerSpaceShipSpriteSheet.png */; };
		27A5AD021E6DF9C900096C8D /* Player.cpp in Sources */ = {isa = PBXBuildFile; fileRef = 27A5AD001E6DF9C900096C8D /* Player.cpp */; };
		27A5AD051E6E0AB100096C8D /* Laser.cpp in Sources */ = {isa = PBXBuildFile; fileRef = 27A5AD031E6E0AB100096C8D /* Laser.cpp */; };
		27A5AD081E6E18C300096C8D /* Game.cpp in Sources */ = {isa = PBXBuildFile; fileRef = 27A5AD061E6E18C300096C8D /* Game.cpp */; };
/* End PBXBuildFile section */

/* Begin PBXFileReference section */
		279B103B1E6E40D70099695F /* Enemy.cpp */ = {isa = PBXFileReference; fileEncoding = 4; lastKnownFileType = sourcecode.cpp.cpp; path = Enemy.cpp; sourceTree = "<group>"; };
		279B103C1E6E40D70099695F /* Enemy.hpp */ = {isa = PBXFileReference; fileEncoding = 4; lastKnownFileType = sourcecode.cpp.h; path = Enemy.hpp; sourceTree = "<group>"; };
		279B103E1E6E5FFD0099695F /* EnemyShipSpriteSheet.png */ = {isa = PBXFileReference; lastKnownFileType = image.png; name = EnemyShipSpriteSheet.png; path = ../../../../Downloads/EnemyShipSpriteSheet.png; sourceTree = "<group>"; };
		279B10401E6F756B0099695F /* explosion.png */ = {isa = PBXFileReference; lastKnownFileType = image.png; name = explosion.png; path = ../../../../Downloads/explosion.png; sourceTree = "<group>"; };
		279B10421E6F75860099695F /* Explosion.cpp */ = {isa = PBXFileReference; fileEncoding = 4; lastKnownFileType = sourcecode.cpp.cpp; path = Explosion.cpp; sourceTree = "<group>"; };
		279B10431E6F75860099695F /* Explosion.hpp */ = {isa = PBXFileReference; fileEncoding = 4; lastKnownFileType = sourcecode.cpp.h; path = Explosion.hpp; sourceTree = "<group>"; };
		279B10451E6F9B1E0099695F /* Level.cpp */ = {isa = PBXFileReference; fileEncoding = 4; lastKnownFileType = sourcecode.cpp.cpp; path = Level.cpp; sourceTree = "<group>"; };
		279B10461E6F9B1E0099695F /* Level.hpp */ = {isa = PBXFileReference; fileEncoding = 4; lastKnownFileType = sourcecode.cpp.h; path = Level.hpp; sourceTree = "<group>"; };
		27A5ACDA1E6C87C800096C8D /* SpaceRace.app */ = {isa = PBXFileReference; explicitFileType = wrapper.application; includeInIndex = 0; path = SpaceRace.app; sourceTree = BUILT_PRODUCTS_DIR; };
		27A5ACDE1E6C87C800096C8D /* SpaceRace-Info.plist */ = {isa = PBXFileReference; lastKnownFileType = text.plist.xml; path = "SpaceRace-Info.plist"; sourceTree = "<group>"; };
		27A5ACDF1E6C87C800096C8D /* ResourcePath.mm */ = {isa = PBXFileReference; lastKnownFileType = sourcecode.cpp.objcpp; path = ResourcePath.mm; sourceTree = "<group>"; };
		27A5ACE11E6C87C800096C8D /* ResourcePath.hpp */ = {isa = PBXFileReference; lastKnownFileType = sourcecode.cpp.h; path = ResourcePath.hpp; sourceTree = "<group>"; };
		27A5ACE21E6C87C800096C8D /* main.cpp */ = {isa = PBXFileReference; lastKnownFileType = sourcecode.cpp.cpp; path = main.cpp; sourceTree = "<group>"; };
		27A5ACE51E6C87C800096C8D /* cute_image.jpg */ = {isa = PBXFileReference; lastKnownFileType = image.jpeg; path = cute_image.jpg; sourceTree = "<group>"; };
		27A5ACE71E6C87C800096C8D /* nice_music.ogg */ = {isa = PBXFileReference; lastKnownFileType = file; path = nice_music.ogg; sourceTree = "<group>"; };
		27A5ACE91E6C87C800096C8D /* sansation.ttf */ = {isa = PBXFileReference; lastKnownFileType = file; path = sansation.ttf; sourceTree = "<group>"; };
		27A5ACEB1E6C87C800096C8D /* icon.png */ = {isa = PBXFileReference; lastKnownFileType = image.png; path = icon.png; sourceTree = "<group>"; };
		27A5ACF21E6C88B900096C8D /* Wall.cpp */ = {isa = PBXFileReference; fileEncoding = 4; lastKnownFileType = sourcecode.cpp.cpp; path = Wall.cpp; sourceTree = "<group>"; };
		27A5ACF31E6C88B900096C8D /* Wall.hpp */ = {isa = PBXFileReference; fileEncoding = 4; lastKnownFileType = sourcecode.cpp.h; path = Wall.hpp; sourceTree = "<group>"; };
		27A5ACF51E6C8BC000096C8D /* wall.jpg */ = {isa = PBXFileReference; lastKnownFileType = image.jpeg; name = wall.jpg; path = ../../../../Pictures/wall.jpg; sourceTree = "<group>"; };
		27A5ACF71E6C917D00096C8D /* wallTexture.png */ = {isa = PBXFileReference; lastKnownFileType = image.png; name = wallTexture.png; path = ../../../../Pictures/wallTexture.png; sourceTree = "<group>"; };
		27A5ACF91E6D1BB600096C8D /* starsBackground.jpg */ = {isa = PBXFileReference; lastKnownFileType = image.jpeg; name = starsBackground.jpg; path = ../../../../Pictures/starsBackground.jpg; sourceTree = "<group>"; };
		27A5ACFB1E6D1C0200096C8D /* Background.cpp */ = {isa = PBXFileReference; fileEncoding = 4; lastKnownFileType = sourcecode.cpp.cpp; path = Background.cpp; sourceTree = "<group>"; };
		27A5ACFC1E6D1C0200096C8D /* Background.hpp */ = {isa = PBXFileReference; fileEncoding = 4; lastKnownFileType = sourcecode.cpp.h; path = Background.hpp; sourceTree = "<group>"; };
		27A5ACFE1E6DF99900096C8D /* PlayerSpaceShipSpriteSheet.png */ = {isa = PBXFileReference; lastKnownFileType = image.png; name = PlayerSpaceShipSpriteSheet.png; path = ../../../../Pictures/PlayerSpaceShipSpriteSheet.png; sourceTree = "<group>"; };
		27A5AD001E6DF9C900096C8D /* Player.cpp */ = {isa = PBXFileReference; fileEncoding = 4; lastKnownFileType = sourcecode.cpp.cpp; path = Player.cpp; sourceTree = "<group>"; };
		27A5AD011E6DF9C900096C8D /* Player.hpp */ = {isa = PBXFileReference; fileEncoding = 4; lastKnownFileType = sourcecode.cpp.h; path = Player.hpp; sourceTree = "<group>"; };
		27A5AD031E6E0AB100096C8D /* Laser.cpp */ = {isa = PBXFileReference; fileEncoding = 4; lastKnownFileType = sourcecode.cpp.cpp; path = Laser.cpp; sourceTree = "<group>"; };
		27A5AD041E6E0AB100096C8D /* Laser.hpp */ = {isa = PBXFileReference; fileEncoding = 4; lastKnownFileType = sourcecode.cpp.h; path = Laser.hpp; sourceTree = "<group>"; };
		27A5AD061E6E18C300096C8D /* Game.cpp */ = {isa = PBXFileReference; fileEncoding = 4; lastKnownFileType = sourcecode.cpp.cpp; path = Game.cpp; sourceTree = "<group>"; };
		27A5AD071E6E18C300096C8D /* Game.hpp */ = {isa = PBXFileReference; fileEncoding = 4; lastKnownFileType = sourcecode.cpp.h; path = Game.hpp; sourceTree = "<group>"; };
/* End PBXFileReference section */

/* Begin PBXFrameworksBuildPhase section */
		27A5ACD61E6C87C800096C8D /* Frameworks */ = {
			isa = PBXFrameworksBuildPhase;
			buildActionMask = 2147483647;
			files = (
			);
			runOnlyForDeploymentPostprocessing = 0;
		};
/* End PBXFrameworksBuildPhase section */

/* Begin PBXGroup section */
		27A5ACD01E6C87C800096C8D = {
			isa = PBXGroup;
			children = (
				27A5ACDC1E6C87C800096C8D /* SpaceRace */,
				27A5ACDB1E6C87C800096C8D /* Products */,
			);
			sourceTree = "<group>";
		};
		27A5ACDB1E6C87C800096C8D /* Products */ = {
			isa = PBXGroup;
			children = (
				27A5ACDA1E6C87C800096C8D /* SpaceRace.app */,
			);
			name = Products;
			sourceTree = "<group>";
		};
		27A5ACDC1E6C87C800096C8D /* SpaceRace */ = {
			isa = PBXGroup;
			children = (
				27A5ACDF1E6C87C800096C8D /* ResourcePath.mm */,
				27A5ACE11E6C87C800096C8D /* ResourcePath.hpp */,
				27A5ACE21E6C87C800096C8D /* main.cpp */,
				27A5ACE41E6C87C800096C8D /* Resources */,
				27A5ACDD1E6C87C800096C8D /* Supporting Files */,
				27A5ACF21E6C88B900096C8D /* Wall.cpp */,
				27A5ACF31E6C88B900096C8D /* Wall.hpp */,
				27A5ACFB1E6D1C0200096C8D /* Background.cpp */,
				27A5ACFC1E6D1C0200096C8D /* Background.hpp */,
				27A5AD001E6DF9C900096C8D /* Player.cpp */,
				27A5AD011E6DF9C900096C8D /* Player.hpp */,
				27A5AD031E6E0AB100096C8D /* Laser.cpp */,
				27A5AD041E6E0AB100096C8D /* Laser.hpp */,
				27A5AD061E6E18C300096C8D /* Game.cpp */,
				27A5AD071E6E18C300096C8D /* Game.hpp */,
				279B103B1E6E40D70099695F /* Enemy.cpp */,
				279B103C1E6E40D70099695F /* Enemy.hpp */,
				279B10421E6F75860099695F /* Explosion.cpp */,
				279B10431E6F75860099695F /* Explosion.hpp */,
				279B10451E6F9B1E0099695F /* Level.cpp */,
				279B10461E6F9B1E0099695F /* Level.hpp */,
			);
			path = SpaceRace;
			sourceTree = "<group>";
		};
		27A5ACDD1E6C87C800096C8D /* Supporting Files */ = {
			isa = PBXGroup;
			children = (
				27A5ACDE1E6C87C800096C8D /* SpaceRace-Info.plist */,
			);
			name = "Supporting Files";
			sourceTree = "<group>";
		};
		27A5ACE41E6C87C800096C8D /* Resources */ = {
			isa = PBXGroup;
			children = (
				279B10401E6F756B0099695F /* explosion.png */,
				279B103E1E6E5FFD0099695F /* EnemyShipSpriteSheet.png */,
				27A5ACFE1E6DF99900096C8D /* PlayerSpaceShipSpriteSheet.png */,
				27A5ACF91E6D1BB600096C8D /* starsBackground.jpg */,
				27A5ACF71E6C917D00096C8D /* wallTexture.png */,
				27A5ACF51E6C8BC000096C8D /* wall.jpg */,
				27A5ACE51E6C87C800096C8D /* cute_image.jpg */,
				27A5ACE71E6C87C800096C8D /* nice_music.ogg */,
				27A5ACE91E6C87C800096C8D /* sansation.ttf */,
				27A5ACEB1E6C87C800096C8D /* icon.png */,
			);
			name = Resources;
			sourceTree = "<group>";
		};
/* End PBXGroup section */

/* Begin PBXNativeTarget section */
		27A5ACD91E6C87C800096C8D /* SpaceRace */ = {
			isa = PBXNativeTarget;
			buildConfigurationList = 27A5ACEF1E6C87C800096C8D /* Build configuration list for PBXNativeTarget "SpaceRace" */;
			buildPhases = (
				27A5ACD51E6C87C800096C8D /* Sources */,
				27A5ACD61E6C87C800096C8D /* Frameworks */,
				27A5ACD71E6C87C800096C8D /* Resources */,
				27A5ACD81E6C87C800096C8D /* ShellScript */,
			);
			buildRules = (
			);
			dependencies = (
			);
			name = SpaceRace;
			productName = SpaceRace;
			productReference = 27A5ACDA1E6C87C800096C8D /* SpaceRace.app */;
			productType = "com.apple.product-type.application";
		};
/* End PBXNativeTarget section */

/* Begin PBXProject section */
		27A5ACD11E6C87C800096C8D /* Project object */ = {
			isa = PBXProject;
			attributes = {
				LastUpgradeCheck = 0810;
				ORGANIZATIONNAME = Kyle;
				TargetAttributes = {
					27A5ACD91E6C87C800096C8D = {
						CreatedOnToolsVersion = 8.1;
						ProvisioningStyle = Automatic;
					};
				};
			};
			buildConfigurationList = 27A5ACD41E6C87C800096C8D /* Build configuration list for PBXProject "SpaceRace" */;
			compatibilityVersion = "Xcode 3.2";
			developmentRegion = English;
			hasScannedForEncodings = 0;
			knownRegions = (
				en,
			);
			mainGroup = 27A5ACD01E6C87C800096C8D;
			productRefGroup = 27A5ACDB1E6C87C800096C8D /* Products */;
			projectDirPath = "";
			projectRoot = "";
			targets = (
				27A5ACD91E6C87C800096C8D /* SpaceRace */,
			);
		};
/* End PBXProject section */

/* Begin PBXResourcesBuildPhase section */
		27A5ACD71E6C87C800096C8D /* Resources */ = {
			isa = PBXResourcesBuildPhase;
			buildActionMask = 2147483647;
			files = (
				279B103F1E6E5FFD0099695F /* EnemyShipSpriteSheet.png in Resources */,
				27A5ACEC1E6C87C800096C8D /* icon.png in Resources */,
				27A5ACF81E6C917D00096C8D /* wallTexture.png in Resources */,
				27A5ACF61E6C8BC000096C8D /* wall.jpg in Resources */,
				27A5ACEA1E6C87C800096C8D /* sansation.ttf in Resources */,
				27A5ACE81E6C87C800096C8D /* nice_music.ogg in Resources */,
				27A5ACE61E6C87C800096C8D /* cute_image.jpg in Resources */,
				27A5ACFF1E6DF99900096C8D /* PlayerSpaceShipSpriteSheet.png in Resources */,
				27A5ACFA1E6D1BB600096C8D /* starsBackground.jpg in Resources */,
				279B10411E6F756B0099695F /* explosion.png in Resources */,
			);
			runOnlyForDeploymentPostprocessing = 0;
		};
/* End PBXResourcesBuildPhase section */

/* Begin PBXShellScriptBuildPhase section */
		27A5ACD81E6C87C800096C8D /* ShellScript */ = {
			isa = PBXShellScriptBuildPhase;
			buildActionMask = 2147483647;
			files = (
			);
			inputPaths = (
			);
			outputPaths = (
			);
			runOnlyForDeploymentPostprocessing = 0;
			shellPath = /bin/sh;
			shellScript = "# This shell script simply copies required SFML dylibs/frameworks into the application bundle frameworks folder.\n# If you're using static libraries (which is not recommended) you should remove this script from your project.\n\n# SETTINGS\nCMAKE_INSTALL_FRAMEWORK_PREFIX=\"/Library/Frameworks\"\nCMAKE_INSTALL_LIB_PREFIX=\"/usr/local/lib\"\nFRAMEWORKS_FULL_PATH=\"$BUILT_PRODUCTS_DIR/$FRAMEWORKS_FOLDER_PATH/\"\n\n# Are we building a project that uses frameworks or dylibs?\ncase \"$SFML_BINARY_TYPE\" in\n    DYLIBS)\n        frameworks=\"false\"\n        ;;\n    *)\n        frameworks=\"true\"\n        ;;\nesac\n\n# Echoes to stderr\nerror () # $* message to display\n{\n    echo $* 1>&2\n    exit 2\n}\n\nassert () # $1 is a boolean, $2...N is an error message\n{\n    if [ $# -lt 2 ]\n    then\n        error \"Internal error in assert: not enough args\"\n    fi\n\n    if [ $1 -ne 0 ]\n    then\n        shift\n        error \"$*\"\n    fi\n}\n\nforce_remove () # $@ is some paths\n{\n    test $# -ge 1\n    assert $? \"force_remove() requires at least one parameter\"\n    rm -fr $@\n    assert $? \"couldn't remove $@\"\n}\n\ncopy () # $1 is a source, $2 is a destination\n{\n    test $# -eq 2\n    assert $? \"copy() requires two parameters\"\n    ditto \"$1\" \"$2\"\n    assert $? \"couldn't copy $1 to $2\"\n}\n\nrequire () # $1 is a SFML module like 'system' or 'audio'\n{\n    dest=\"$BUILT_PRODUCTS_DIR/$FRAMEWORKS_FOLDER_PATH/\"\n\n    if [ -z \"$1\" ]\n    then\n        error \"require() requires one parameter!\"\n    else\n        # clean potentially old stuff\n        force_remove \"$dest/libsfml-$1\"*\n        force_remove \"$dest/sfml-$1.framework\"\n\n        # copy SFML libraries\n        if [ \"$frameworks\" = \"true\" ]\n        then\n            source=\"$CMAKE_INSTALL_FRAMEWORK_PREFIX/sfml-$1.framework\"\n            target=\"sfml-$1.framework\"\n        elif [ \"$SFML_LINK_DYLIBS_SUFFIX\" = \"-d\" ]\n        then\n            source=\"$CMAKE_INSTALL_LIB_PREFIX/libsfml-$1-d.dylib\"\n            target=\"`readlink $source`\"\n        else\n            source=\"$CMAKE_INSTALL_LIB_PREFIX/libsfml-$1.dylib\"\n            target=\"`readlink $source`\"\n        fi\n\n        copy \"$source\" \"$dest/$target\"\n\n        # copy extra dependencies\n        if [ \"$1\" = \"audio\" ]\n        then\n            # copy \"FLAC\" \"ogg\" \"vorbis\" \"vorbisenc\" \"vorbisfile\" \"OpenAL\" frameworks too\n            for f in \"FLAC\" \"ogg\" \"vorbis\" \"vorbisenc\" \"vorbisfile\" \"OpenAL\"\n            do\n                copy \"$CMAKE_INSTALL_FRAMEWORK_PREFIX/$f.framework\" \"$dest/$f.framework\"\n            done\n        elif [ \"$1\" = \"graphics\" ]\n        then\n            copy \"$CMAKE_INSTALL_FRAMEWORK_PREFIX/freetype.framework\" \"$dest/freetype.framework\"\n        fi\n    fi\n}\n\nif [ -n \"$SFML_SYSTEM\" ]\nthen\n    require \"system\"\nfi\n\nif [ -n \"$SFML_AUDIO\" ]\nthen\n    require \"audio\"\nfi\n\nif [ -n \"$SFML_NETWORK\" ]\nthen\n    require \"network\"\nfi\n\nif [ -n \"$SFML_WINDOW\" ]\nthen\n    require \"window\"\nfi\n\nif [ -n \"$SFML_GRAPHICS\" ]\nthen\n    require \"graphics\"\nfi\n\n                ";
		};
/* End PBXShellScriptBuildPhase section */

/* Begin PBXSourcesBuildPhase section */
		27A5ACD51E6C87C800096C8D /* Sources */ = {
			isa = PBXSourcesBuildPhase;
			buildActionMask = 2147483647;
			files = (
				279B103D1E6E40D70099695F /* Enemy.cpp in Sources */,
				27A5ACF41E6C88B900096C8D /* Wall.cpp in Sources */,
				27A5ACE31E6C87C800096C8D /* main.cpp in Sources */,
				27A5ACE01E6C87C800096C8D /* ResourcePath.mm in Sources */,
				27A5AD051E6E0AB100096C8D /* Laser.cpp in Sources */,
				27A5ACFD1E6D1C0200096C8D /* Background.cpp in Sources */,
				279B10471E6F9B1E0099695F /* Level.cpp in Sources */,
				27A5AD021E6DF9C900096C8D /* Player.cpp in Sources */,
				27A5AD081E6E18C300096C8D /* Game.cpp in Sources */,
				279B10441E6F75870099695F /* Explosion.cpp in Sources */,
			);
			runOnlyForDeploymentPostprocessing = 0;
		};
/* End PBXSourcesBuildPhase section */

/* Begin XCBuildConfiguration section */
		27A5ACED1E6C87C800096C8D /* Debug */ = {
			isa = XCBuildConfiguration;
			buildSettings = {
				ARCHS = "$(NATIVE_ARCH_ACTUAL)";
				CLANG_CXX_LANGUAGE_STANDARD = "c++0x";
				CLANG_CXX_LIBRARY = "libc++";
				FRAMEWORK_SEARCH_PATHS = (
					/Library/Frameworks/,
					"$(inherited)",
				);
				GCC_VERSION = com.apple.compilers.llvm.clang.1_0;
				HEADER_SEARCH_PATHS = (
					/usr/local/include/,
					"$(inherited)",
				);
				LIBRARY_SEARCH_PATHS = (
					/usr/local/lib/,
					"$(inherited)",
				);
				MACOSX_DEPLOYMENT_TARGET = 10.7;
				OTHER_LDFLAGS = (
					"$(inherited)",
					"$(SFML_SYSTEM)",
					"$(SFML_WINDOW)",
					"$(SFML_GRAPHICS)",
					"$(SFML_AUDIO)",
					"$(SFML_NETWORK)",
				);
				SFML_AUDIO = "$(SFML_LINK_PREFIX) sfml-audio$(SFML_LINK_SUFFIX)";
				SFML_BINARY_TYPE = FRAMEWORKS;
				SFML_GRAPHICS = "$(SFML_LINK_PREFIX) sfml-graphics$(SFML_LINK_SUFFIX)";
				SFML_LINK_DYLIBS_PREFIX = "-l";
				SFML_LINK_DYLIBS_SUFFIX = "";
				SFML_LINK_FRAMEWORKS_PREFIX = "-framework";
				SFML_LINK_FRAMEWORKS_SUFFIX = "";
				SFML_LINK_PREFIX = "$(SFML_LINK_$(SFML_BINARY_TYPE)_PREFIX)";
				SFML_LINK_SUFFIX = "$(SFML_LINK_$(SFML_BINARY_TYPE)_SUFFIX)";
				SFML_NETWORK = "$(SFML_LINK_PREFIX) sfml-network$(SFML_LINK_SUFFIX)";
				SFML_SYSTEM = "$(SFML_LINK_PREFIX) sfml-system$(SFML_LINK_SUFFIX)";
				SFML_WINDOW = "$(SFML_LINK_PREFIX) sfml-window$(SFML_LINK_SUFFIX)";
				SUPPORTED_PLATFORMS = macosx;
			};
			name = Debug;
		};
		27A5ACEE1E6C87C800096C8D /* Release */ = {
			isa = XCBuildConfiguration;
			buildSettings = {
				ARCHS = "$(NATIVE_ARCH_ACTUAL)";
				CLANG_CXX_LANGUAGE_STANDARD = "c++0x";
				CLANG_CXX_LIBRARY = "libc++";
				FRAMEWORK_SEARCH_PATHS = (
					/Library/Frameworks/,
					"$(inherited)",
				);
				GCC_VERSION = com.apple.compilers.llvm.clang.1_0;
				HEADER_SEARCH_PATHS = (
					/usr/local/include/,
					"$(inherited)",
				);
				LIBRARY_SEARCH_PATHS = (
					/usr/local/lib/,
					"$(inherited)",
				);
				MACOSX_DEPLOYMENT_TARGET = 10.7;
				OTHER_LDFLAGS = (
					"$(inherited)",
					"$(SFML_SYSTEM)",
					"$(SFML_WINDOW)",
					"$(SFML_GRAPHICS)",
					"$(SFML_AUDIO)",
					"$(SFML_NETWORK)",
				);
				SFML_AUDIO = "$(SFML_LINK_PREFIX) sfml-audio$(SFML_LINK_SUFFIX)";
				SFML_BINARY_TYPE = FRAMEWORKS;
				SFML_GRAPHICS = "$(SFML_LINK_PREFIX) sfml-graphics$(SFML_LINK_SUFFIX)";
				SFML_LINK_DYLIBS_PREFIX = "-l";
				SFML_LINK_DYLIBS_SUFFIX = "";
				SFML_LINK_FRAMEWORKS_PREFIX = "-framework";
				SFML_LINK_FRAMEWORKS_SUFFIX = "";
				SFML_LINK_PREFIX = "$(SFML_LINK_$(SFML_BINARY_TYPE)_PREFIX)";
				SFML_LINK_SUFFIX = "$(SFML_LINK_$(SFML_BINARY_TYPE)_SUFFIX)";
				SFML_NETWORK = "$(SFML_LINK_PREFIX) sfml-network$(SFML_LINK_SUFFIX)";
				SFML_SYSTEM = "$(SFML_LINK_PREFIX) sfml-system$(SFML_LINK_SUFFIX)";
				SFML_WINDOW = "$(SFML_LINK_PREFIX) sfml-window$(SFML_LINK_SUFFIX)";
				SUPPORTED_PLATFORMS = macosx;
			};
			name = Release;
		};
		27A5ACF01E6C87C800096C8D /* Debug */ = {
			isa = XCBuildConfiguration;
			buildSettings = {
				INFOPLIST_FILE = "SpaceRace/SpaceRace-Info.plist";
				LD_RUNPATH_SEARCH_PATHS = "@loader_path/../Frameworks";
				PRODUCT_NAME = "$(TARGET_NAME)";
			};
			name = Debug;
		};
		27A5ACF11E6C87C800096C8D /* Release */ = {
			isa = XCBuildConfiguration;
			buildSettings = {
				INFOPLIST_FILE = "SpaceRace/SpaceRace-Info.plist";
				LD_RUNPATH_SEARCH_PATHS = "@loader_path/../Frameworks";
				PRODUCT_NAME = "$(TARGET_NAME)";
			};
			name = Release;
		};
/* End XCBuildConfiguration section */

/* Begin XCConfigurationList section */
		27A5ACD41E6C87C800096C8D /* Build configuration list for PBXProject "SpaceRace" */ = {
			isa = XCConfigurationList;
			buildConfigurations = (
				27A5ACED1E6C87C800096C8D /* Debug */,
				27A5ACEE1E6C87C800096C8D /* Release */,
			);
			defaultConfigurationIsVisible = 0;
			defaultConfigurationName = Release;
		};
		27A5ACEF1E6C87C800096C8D /* Build configuration list for PBXNativeTarget "SpaceRace" */ = {
			isa = XCConfigurationList;
			buildConfigurations = (
				27A5ACF01E6C87C800096C8D /* Debug */,
				27A5ACF11E6C87C800096C8D /* Release */,
			);
			defaultConfigurationIsVisible = 0;
			defaultConfigurationName = Release;
		};
/* End XCConfigurationList section */
	};
	rootObject = 27A5ACD11E6C87C800096C8D /* Project object */;
}
